// !$*UTF8*$!
{
	archiveVersion = 1;
	classes = {
	};
	objectVersion = 50;
	objects = {

/* Begin PBXBuildFile section */
		D53BEE6C21288E73000FC32C /* AppDelegate.swift in Sources */ = {isa = PBXBuildFile; fileRef = D53BEE6B21288E73000FC32C /* AppDelegate.swift */; };
		D53BEE6E21288E73000FC32C /* ViewController.swift in Sources */ = {isa = PBXBuildFile; fileRef = D53BEE6D21288E73000FC32C /* ViewController.swift */; };
		D53BEE7021288E74000FC32C /* Assets.xcassets in Resources */ = {isa = PBXBuildFile; fileRef = D53BEE6F21288E74000FC32C /* Assets.xcassets */; };
		D53BEE7321288E74000FC32C /* Main.storyboard in Resources */ = {isa = PBXBuildFile; fileRef = D53BEE7121288E74000FC32C /* Main.storyboard */; };
		D53BEE7C21288EA2000FC32C /* MyMetalView.swift in Sources */ = {isa = PBXBuildFile; fileRef = D53BEE7B21288EA2000FC32C /* MyMetalView.swift */; };
		D53BEE7E2129310D000FC32C /* MathUtils.swift in Sources */ = {isa = PBXBuildFile; fileRef = D53BEE7D2129310D000FC32C /* MathUtils.swift */; };
		D53BEE80212964EC000FC32C /* Shader.metal in Sources */ = {isa = PBXBuildFile; fileRef = D53BEE7F212964EC000FC32C /* Shader.metal */; };
/* End PBXBuildFile section */

/* Begin PBXFileReference section */
		D53BEE6821288E73000FC32C /* 06.Cube.app */ = {isa = PBXFileReference; explicitFileType = wrapper.application; includeInIndex = 0; path = 06.Cube.app; sourceTree = BUILT_PRODUCTS_DIR; };
		D53BEE6B21288E73000FC32C /* AppDelegate.swift */ = {isa = PBXFileReference; lastKnownFileType = sourcecode.swift; path = AppDelegate.swift; sourceTree = "<group>"; };
		D53BEE6D21288E73000FC32C /* ViewController.swift */ = {isa = PBXFileReference; lastKnownFileType = sourcecode.swift; path = ViewController.swift; sourceTree = "<group>"; };
		D53BEE6F21288E74000FC32C /* Assets.xcassets */ = {isa = PBXFileReference; lastKnownFileType = folder.assetcatalog; path = Assets.xcassets; sourceTree = "<group>"; };
		D53BEE7221288E74000FC32C /* Base */ = {isa = PBXFileReference; lastKnownFileType = file.storyboard; name = Base; path = Base.lproj/Main.storyboard; sourceTree = "<group>"; };
		D53BEE7421288E74000FC32C /* Info.plist */ = {isa = PBXFileReference; lastKnownFileType = text.plist.xml; path = Info.plist; sourceTree = "<group>"; };
		D53BEE7521288E74000FC32C /* _6_Cube.entitlements */ = {isa = PBXFileReference; lastKnownFileType = text.plist.entitlements; path = _6_Cube.entitlements; sourceTree = "<group>"; };
		D53BEE7B21288EA2000FC32C /* MyMetalView.swift */ = {isa = PBXFileReference; lastKnownFileType = sourcecode.swift; path = MyMetalView.swift; sourceTree = "<group>"; };
		D53BEE7D2129310D000FC32C /* MathUtils.swift */ = {isa = PBXFileReference; lastKnownFileType = sourcecode.swift; path = MathUtils.swift; sourceTree = "<group>"; };
		D53BEE7F212964EC000FC32C /* Shader.metal */ = {isa = PBXFileReference; lastKnownFileType = sourcecode.metal; path = Shader.metal; sourceTree = "<group>"; };
/* End PBXFileReference section */

/* Begin PBXFrameworksBuildPhase section */
		D53BEE6521288E73000FC32C /* Frameworks */ = {
			isa = PBXFrameworksBuildPhase;
			buildActionMask = 2147483647;
			files = (
			);
			runOnlyForDeploymentPostprocessing = 0;
		};
/* End PBXFrameworksBuildPhase section */

/* Begin PBXGroup section */
		D53BEE5F21288E73000FC32C = {
			isa = PBXGroup;
			children = (
				D53BEE6A21288E73000FC32C /* 06.Cube */,
				D53BEE6921288E73000FC32C /* Products */,
			);
			sourceTree = "<group>";
		};
		D53BEE6921288E73000FC32C /* Products */ = {
			isa = PBXGroup;
			children = (
				D53BEE6821288E73000FC32C /* 06.Cube.app */,
			);
			name = Products;
			sourceTree = "<group>";
		};
		D53BEE6A21288E73000FC32C /* 06.Cube */ = {
			isa = PBXGroup;
			children = (
				D53BEE6B21288E73000FC32C /* AppDelegate.swift */,
				D53BEE6D21288E73000FC32C /* ViewController.swift */,
				D53BEE6F21288E74000FC32C /* Assets.xcassets */,
				D53BEE7121288E74000FC32C /* Main.storyboard */,
				D53BEE7421288E74000FC32C /* Info.plist */,
				D53BEE7521288E74000FC32C /* _6_Cube.entitlements */,
				D53BEE7B21288EA2000FC32C /* MyMetalView.swift */,
				D53BEE7F212964EC000FC32C /* Shader.metal */,
				D53BEE7D2129310D000FC32C /* MathUtils.swift */,
			);
			path = 06.Cube;
			sourceTree = "<group>";
		};
/* End PBXGroup section */

/* Begin PBXNativeTarget section */
		D53BEE6721288E73000FC32C /* 06.Cube */ = {
			isa = PBXNativeTarget;
			buildConfigurationList = D53BEE7821288E74000FC32C /* Build configuration list for PBXNativeTarget "06.Cube" */;
			buildPhases = (
				D53BEE6421288E73000FC32C /* Sources */,
				D53BEE6521288E73000FC32C /* Frameworks */,
				D53BEE6621288E73000FC32C /* Resources */,
			);
			buildRules = (
			);
			dependencies = (
			);
			name = 06.Cube;
			productName = 06.Cube;
			productReference = D53BEE6821288E73000FC32C /* 06.Cube.app */;
			productType = "com.apple.product-type.application";
		};
/* End PBXNativeTarget section */

/* Begin PBXProject section */
		D53BEE6021288E73000FC32C /* Project object */ = {
			isa = PBXProject;
			attributes = {
				LastSwiftUpdateCheck = 1000;
				LastUpgradeCheck = 1000;
				ORGANIZATIONNAME = "杨世玲";
				TargetAttributes = {
					D53BEE6721288E73000FC32C = {
						CreatedOnToolsVersion = 10.0;
					};
				};
			};
			buildConfigurationList = D53BEE6321288E73000FC32C /* Build configuration list for PBXProject "06.Cube" */;
			compatibilityVersion = "Xcode 9.3";
			developmentRegion = en;
			hasScannedForEncodings = 0;
			knownRegions = (
				en,
				Base,
			);
			mainGroup = D53BEE5F21288E73000FC32C;
			productRefGroup = D53BEE6921288E73000FC32C /* Products */;
			projectDirPath = "";
			projectRoot = "";
			targets = (
				D53BEE6721288E73000FC32C /* 06.Cube */,
			);
		};
/* End PBXProject section */

/* Begin PBXResourcesBuildPhase section */
		D53BEE6621288E73000FC32C /* Resources */ = {
			isa = PBXResourcesBuildPhase;
			buildActionMask = 2147483647;
			files = (
				D53BEE7021288E74000FC32C /* Assets.xcassets in Resources */,
				D53BEE7321288E74000FC32C /* Main.storyboard in Resources */,
			);
			runOnlyForDeploymentPostprocessing = 0;
		};
/* End PBXResourcesBuildPhase section */

/* Begin PBXSourcesBuildPhase section */
		D53BEE6421288E73000FC32C /* Sources */ = {
			isa = PBXSourcesBuildPhase;
			buildActionMask = 2147483647;
			files = (
				D53BEE6E21288E73000FC32C /* ViewController.swift in Sources */,
				D53BEE7E2129310D000FC32C /* MathUtils.swift in Sources */,
				D53BEE6C21288E73000FC32C /* AppDelegate.swift in Sources */,
				D53BEE80212964EC000FC32C /* Shader.metal in Sources */,
				D53BEE7C21288EA2000FC32C /* MyMetalView.swift in Sources */,
			);
			runOnlyForDeploymentPostprocessing = 0;
		};
/* End PBXSourcesBuildPhase section */

/* Begin PBXVariantGroup section */
		D53BEE7121288E74000FC32C /* Main.storyboard */ = {
			isa = PBXVariantGroup;
			children = (
				D53BEE7221288E74000FC32C /* Base */,
			);
			name = Main.storyboard;
			sourceTree = "<group>";
		};
/* End PBXVariantGroup section */

/* Begin XCBuildConfiguration section */
		D53BEE7621288E74000FC32C /* Debug */ = {
			isa = XCBuildConfiguration;
			buildSettings = {
				ALWAYS_SEARCH_USER_PATHS = NO;
				CLANG_ANALYZER_NONNULL = YES;
				CLANG_ANALYZER_NUMBER_OBJECT_CONVERSION = YES_AGGRESSIVE;
				CLANG_CXX_LANGUAGE_STANDARD = "gnu++14";
				CLANG_CXX_LIBRARY = "libc++";
				CLANG_ENABLE_MODULES = YES;
				CLANG_ENABLE_OBJC_ARC = YES;
				CLANG_ENABLE_OBJC_WEAK = YES;
				CLANG_WARN_BLOCK_CAPTURE_AUTORELEASING = YES;
				CLANG_WARN_BOOL_CONVERSION = YES;
				CLANG_WARN_COMMA = YES;
				CLANG_WARN_CONSTANT_CONVERSION = YES;
				CLANG_WARN_DEPRECATED_OBJC_IMPLEMENTATIONS = YES;
				CLANG_WARN_DIRECT_OBJC_ISA_USAGE = YES_ERROR;
				CLANG_WARN_DOCUMENTATION_COMMENTS = YES;
				CLANG_WARN_EMPTY_BODY = YES;
				CLANG_WARN_ENUM_CONVERSION = YES;
				CLANG_WARN_INFINITE_RECURSION = YES;
				CLANG_WARN_INT_CONVERSION = YES;
				CLANG_WARN_NON_LITERAL_NULL_CONVERSION = YES;
				CLANG_WARN_OBJC_IMPLICIT_RETAIN_SELF = YES;
				CLANG_WARN_OBJC_LITERAL_CONVERSION = YES;
				CLANG_WARN_OBJC_ROOT_CLASS = YES_ERROR;
				CLANG_WARN_RANGE_LOOP_ANALYSIS = YES;
				CLANG_WARN_STRICT_PROTOTYPES = YES;
				CLANG_WARN_SUSPICIOUS_MOVE = YES;
				CLANG_WARN_UNGUARDED_AVAILABILITY = YES_AGGRESSIVE;
				CLANG_WARN_UNREACHABLE_CODE = YES;
				CLANG_WARN__DUPLICATE_METHOD_MATCH = YES;
				CODE_SIGN_IDENTITY = "-";
				COPY_PHASE_STRIP = NO;
				DEBUG_INFORMATION_FORMAT = dwarf;
				ENABLE_STRICT_OBJC_MSGSEND = YES;
				ENABLE_TESTABILITY = YES;
				GCC_C_LANGUAGE_STANDARD = gnu11;
				GCC_DYNAMIC_NO_PIC = NO;
				GCC_NO_COMMON_BLOCKS = YES;
				GCC_OPTIMIZATION_LEVEL = 0;
				GCC_PREPROCESSOR_DEFINITIONS = (
					"DEBUG=1",
					"$(inherited)",
				);
				GCC_WARN_64_TO_32_BIT_CONVERSION = YES;
				GCC_WARN_ABOUT_RETURN_TYPE = YES_ERROR;
				GCC_WARN_UNDECLARED_SELECTOR = YES;
				GCC_WARN_UNINITIALIZED_AUTOS = YES_AGGRESSIVE;
				GCC_WARN_UNUSED_FUNCTION = YES;
				GCC_WARN_UNUSED_VARIABLE = YES;
				MACOSX_DEPLOYMENT_TARGET = 10.14;
				MTL_ENABLE_DEBUG_INFO = INCLUDE_SOURCE;
				MTL_FAST_MATH = YES;
				ONLY_ACTIVE_ARCH = YES;
				SDKROOT = macosx;
				SWIFT_ACTIVE_COMPILATION_CONDITIONS = DEBUG;
				SWIFT_OPTIMIZATION_LEVEL = "-Onone";
			};
			name = Debug;
		};
		D53BEE7721288E74000FC32C /* Release */ = {
			isa = XCBuildConfiguration;
			buildSettings = {
				ALWAYS_SEARCH_USER_PATHS = NO;
				CLANG_ANALYZER_NONNULL = YES;
				CLANG_ANALYZER_NUMBER_OBJECT_CONVERSION = YES_AGGRESSIVE;
				CLANG_CXX_LANGUAGE_STANDARD = "gnu++14";
				CLANG_CXX_LIBRARY = "libc++";
				CLANG_ENABLE_MODULES = YES;
				CLANG_ENABLE_OBJC_ARC = YES;
				CLANG_ENABLE_OBJC_WEAK = YES;
				CLANG_WARN_BLOCK_CAPTURE_AUTORELEASING = YES;
				CLANG_WARN_BOOL_CONVERSION = YES;
				CLANG_WARN_COMMA = YES;
				CLANG_WARN_CONSTANT_CONVERSION = YES;
				CLANG_WARN_DEPRECATED_OBJC_IMPLEMENTATIONS = YES;
				CLANG_WARN_DIRECT_OBJC_ISA_USAGE = YES_ERROR;
				CLANG_WARN_DOCUMENTATION_COMMENTS = YES;
				CLANG_WARN_EMPTY_BODY = YES;
				CLANG_WARN_ENUM_CONVERSION = YES;
				CLANG_WARN_INFINITE_RECURSION = YES;
				CLANG_WARN_INT_CONVERSION = YES;
				CLANG_WARN_NON_LITERAL_NULL_CONVERSION = YES;
				CLANG_WARN_OBJC_IMPLICIT_RETAIN_SELF = YES;
				CLANG_WARN_OBJC_LITERAL_CONVERSION = YES;
				CLANG_WARN_OBJC_ROOT_CLASS = YES_ERROR;
				CLANG_WARN_RANGE_LOOP_ANALYSIS = YES;
				CLANG_WARN_STRICT_PROTOTYPES = YES;
				CLANG_WARN_SUSPICIOUS_MOVE = YES;
				CLANG_WARN_UNGUARDED_AVAILABILITY = YES_AGGRESSIVE;
				CLANG_WARN_UNREACHABLE_CODE = YES;
				CLANG_WARN__DUPLICATE_METHOD_MATCH = YES;
				CODE_SIGN_IDENTITY = "-";
				COPY_PHASE_STRIP = NO;
				DEBUG_INFORMATION_FORMAT = "dwarf-with-dsym";
				ENABLE_NS_ASSERTIONS = NO;
				ENABLE_STRICT_OBJC_MSGSEND = YES;
				GCC_C_LANGUAGE_STANDARD = gnu11;
				GCC_NO_COMMON_BLOCKS = YES;
				GCC_WARN_64_TO_32_BIT_CONVERSION = YES;
				GCC_WARN_ABOUT_RETURN_TYPE = YES_ERROR;
				GCC_WARN_UNDECLARED_SELECTOR = YES;
				GCC_WARN_UNINITIALIZED_AUTOS = YES_AGGRESSIVE;
				GCC_WARN_UNUSED_FUNCTION = YES;
				GCC_WARN_UNUSED_VARIABLE = YES;
				MACOSX_DEPLOYMENT_TARGET = 10.14;
				MTL_ENABLE_DEBUG_INFO = NO;
				MTL_FAST_MATH = YES;
				SDKROOT = macosx;
				SWIFT_COMPILATION_MODE = wholemodule;
				SWIFT_OPTIMIZATION_LEVEL = "-O";
			};
			name = Release;
		};
		D53BEE7921288E74000FC32C /* Debug */ = {
			isa = XCBuildConfiguration;
			buildSettings = {
				ASSETCATALOG_COMPILER_APPICON_NAME = AppIcon;
				CODE_SIGN_ENTITLEMENTS = 06.Cube/_6_Cube.entitlements;
				CODE_SIGN_STYLE = Automatic;
				COMBINE_HIDPI_IMAGES = YES;
				INFOPLIST_FILE = 06.Cube/Info.plist;
				LD_RUNPATH_SEARCH_PATHS = (
					"$(inherited)",
					"@executable_path/../Frameworks",
				);
				PRODUCT_BUNDLE_IDENTIFIER = "LearnMetal.-6-Cube";
				PRODUCT_NAME = "$(TARGET_NAME)";
				SWIFT_VERSION = 4.2;
			};
			name = Debug;
		};
		D53BEE7A21288E74000FC32C /* Release */ = {
			isa = XCBuildConfiguration;
			buildSettings = {
				ASSETCATALOG_COMPILER_APPICON_NAME = AppIcon;
				CODE_SIGN_ENTITLEMENTS = 06.Cube/_6_Cube.entitlements;
				CODE_SIGN_STYLE = Automatic;
				COMBINE_HIDPI_IMAGES = YES;
				INFOPLIST_FILE = 06.Cube/Info.plist;
				LD_RUNPATH_SEARCH_PATHS = (
					"$(inherited)",
					"@executable_path/../Frameworks",
				);
				PRODUCT_BUNDLE_IDENTIFIER = "LearnMetal.-6-Cube";
				PRODUCT_NAME = "$(TARGET_NAME)";
				SWIFT_VERSION = 4.2;
			};
			name = Release;
		};
/* End XCBuildConfiguration section */

/* Begin XCConfigurationList section */
		D53BEE6321288E73000FC32C /* Build configuration list for PBXProject "06.Cube" */ = {
			isa = XCConfigurationList;
			buildConfigurations = (
				D53BEE7621288E74000FC32C /* Debug */,
				D53BEE7721288E74000FC32C /* Release */,
			);
			defaultConfigurationIsVisible = 0;
			defaultConfigurationName = Release;
		};
		D53BEE7821288E74000FC32C /* Build configuration list for PBXNativeTarget "06.Cube" */ = {
			isa = XCConfigurationList;
			buildConfigurations = (
				D53BEE7921288E74000FC32C /* Debug */,
				D53BEE7A21288E74000FC32C /* Release */,
			);
			defaultConfigurationIsVisible = 0;
			defaultConfigurationName = Release;
		};
/* End XCConfigurationList section */
	};
	rootObject = D53BEE6021288E73000FC32C /* Project object */;
}
