// !$*UTF8*$!
{
	archiveVersion = 1;
	classes = {
	};
	objectVersion = 50;
	objects = {

/* Begin PBXBuildFile section */
		D5D69F3A211675D10049591D /* AppDelegate.swift in Sources */ = {isa = PBXBuildFile; fileRef = D5D69F39211675D10049591D /* AppDelegate.swift */; };
		D5D69F3C211675D10049591D /* ViewController.swift in Sources */ = {isa = PBXBuildFile; fileRef = D5D69F3B211675D10049591D /* ViewController.swift */; };
		D5D69F3E211675D10049591D /* Assets.xcassets in Resources */ = {isa = PBXBuildFile; fileRef = D5D69F3D211675D10049591D /* Assets.xcassets */; };
		D5D69F41211675D10049591D /* Main.storyboard in Resources */ = {isa = PBXBuildFile; fileRef = D5D69F3F211675D10049591D /* Main.storyboard */; };
		D5D69F4A2116760B0049591D /* MyMetalView.swift in Sources */ = {isa = PBXBuildFile; fileRef = D5D69F492116760B0049591D /* MyMetalView.swift */; };
		D5D69F4C21167C0D0049591D /* MyShader.metal in Sources */ = {isa = PBXBuildFile; fileRef = D5D69F4B21167C0D0049591D /* MyShader.metal */; };
/* End PBXBuildFile section */

/* Begin PBXFileReference section */
		D5D69F36211675D10049591D /* 05.Transformations.app */ = {isa = PBXFileReference; explicitFileType = wrapper.application; includeInIndex = 0; path = 05.Transformations.app; sourceTree = BUILT_PRODUCTS_DIR; };
		D5D69F39211675D10049591D /* AppDelegate.swift */ = {isa = PBXFileReference; lastKnownFileType = sourcecode.swift; path = AppDelegate.swift; sourceTree = "<group>"; };
		D5D69F3B211675D10049591D /* ViewController.swift */ = {isa = PBXFileReference; lastKnownFileType = sourcecode.swift; path = ViewController.swift; sourceTree = "<group>"; };
		D5D69F3D211675D10049591D /* Assets.xcassets */ = {isa = PBXFileReference; lastKnownFileType = folder.assetcatalog; path = Assets.xcassets; sourceTree = "<group>"; };
		D5D69F40211675D10049591D /* Base */ = {isa = PBXFileReference; lastKnownFileType = file.storyboard; name = Base; path = Base.lproj/Main.storyboard; sourceTree = "<group>"; };
		D5D69F42211675D10049591D /* Info.plist */ = {isa = PBXFileReference; lastKnownFileType = text.plist.xml; path = Info.plist; sourceTree = "<group>"; };
		D5D69F43211675D10049591D /* _5_Transformations.entitlements */ = {isa = PBXFileReference; lastKnownFileType = text.plist.entitlements; path = _5_Transformations.entitlements; sourceTree = "<group>"; };
		D5D69F492116760B0049591D /* MyMetalView.swift */ = {isa = PBXFileReference; lastKnownFileType = sourcecode.swift; path = MyMetalView.swift; sourceTree = SOURCE_ROOT; };
		D5D69F4B21167C0D0049591D /* MyShader.metal */ = {isa = PBXFileReference; lastKnownFileType = sourcecode.metal; path = MyShader.metal; sourceTree = "<group>"; };
/* End PBXFileReference section */

/* Begin PBXFrameworksBuildPhase section */
		D5D69F33211675D10049591D /* Frameworks */ = {
			isa = PBXFrameworksBuildPhase;
			buildActionMask = 2147483647;
			files = (
			);
			runOnlyForDeploymentPostprocessing = 0;
		};
/* End PBXFrameworksBuildPhase section */

/* Begin PBXGroup section */
		D5D69F2D211675D10049591D = {
			isa = PBXGroup;
			children = (
				D5D69F38211675D10049591D /* 05.Transformations */,
				D5D69F37211675D10049591D /* Products */,
			);
			sourceTree = "<group>";
		};
		D5D69F37211675D10049591D /* Products */ = {
			isa = PBXGroup;
			children = (
				D5D69F36211675D10049591D /* 05.Transformations.app */,
			);
			name = Products;
			sourceTree = "<group>";
		};
		D5D69F38211675D10049591D /* 05.Transformations */ = {
			isa = PBXGroup;
			children = (
				D5D69F39211675D10049591D /* AppDelegate.swift */,
				D5D69F3B211675D10049591D /* ViewController.swift */,
				D5D69F3D211675D10049591D /* Assets.xcassets */,
				D5D69F3F211675D10049591D /* Main.storyboard */,
				D5D69F42211675D10049591D /* Info.plist */,
				D5D69F43211675D10049591D /* _5_Transformations.entitlements */,
				D5D69F492116760B0049591D /* MyMetalView.swift */,
				D5D69F4B21167C0D0049591D /* MyShader.metal */,
			);
			path = 05.Transformations;
			sourceTree = "<group>";
		};
/* End PBXGroup section */

/* Begin PBXNativeTarget section */
		D5D69F35211675D10049591D /* 05.Transformations */ = {
			isa = PBXNativeTarget;
			buildConfigurationList = D5D69F46211675D10049591D /* Build configuration list for PBXNativeTarget "05.Transformations" */;
			buildPhases = (
				D5D69F32211675D10049591D /* Sources */,
				D5D69F33211675D10049591D /* Frameworks */,
				D5D69F34211675D10049591D /* Resources */,
			);
			buildRules = (
			);
			dependencies = (
			);
			name = 05.Transformations;
			productName = 05.Transformations;
			productReference = D5D69F36211675D10049591D /* 05.Transformations.app */;
			productType = "com.apple.product-type.application";
		};
/* End PBXNativeTarget section */

/* Begin PBXProject section */
		D5D69F2E211675D10049591D /* Project object */ = {
			isa = PBXProject;
			attributes = {
				LastSwiftUpdateCheck = 1000;
				LastUpgradeCheck = 1000;
				ORGANIZATIONNAME = "Peter Young";
				TargetAttributes = {
					D5D69F35211675D10049591D = {
						CreatedOnToolsVersion = 10.0;
					};
				};
			};
			buildConfigurationList = D5D69F31211675D10049591D /* Build configuration list for PBXProject "05.Transformations" */;
			compatibilityVersion = "Xcode 9.3";
			developmentRegion = en;
			hasScannedForEncodings = 0;
			knownRegions = (
				en,
				Base,
			);
			mainGroup = D5D69F2D211675D10049591D;
			productRefGroup = D5D69F37211675D10049591D /* Products */;
			projectDirPath = "";
			projectRoot = "";
			targets = (
				D5D69F35211675D10049591D /* 05.Transformations */,
			);
		};
/* End PBXProject section */

/* Begin PBXResourcesBuildPhase section */
		D5D69F34211675D10049591D /* Resources */ = {
			isa = PBXResourcesBuildPhase;
			buildActionMask = 2147483647;
			files = (
				D5D69F3E211675D10049591D /* Assets.xcassets in Resources */,
				D5D69F41211675D10049591D /* Main.storyboard in Resources */,
			);
			runOnlyForDeploymentPostprocessing = 0;
		};
/* End PBXResourcesBuildPhase section */

/* Begin PBXSourcesBuildPhase section */
		D5D69F32211675D10049591D /* Sources */ = {
			isa = PBXSourcesBuildPhase;
			buildActionMask = 2147483647;
			files = (
				D5D69F4C21167C0D0049591D /* MyShader.metal in Sources */,
				D5D69F3C211675D10049591D /* ViewController.swift in Sources */,
				D5D69F3A211675D10049591D /* AppDelegate.swift in Sources */,
				D5D69F4A2116760B0049591D /* MyMetalView.swift in Sources */,
			);
			runOnlyForDeploymentPostprocessing = 0;
		};
/* End PBXSourcesBuildPhase section */

/* Begin PBXVariantGroup section */
		D5D69F3F211675D10049591D /* Main.storyboard */ = {
			isa = PBXVariantGroup;
			children = (
				D5D69F40211675D10049591D /* Base */,
			);
			name = Main.storyboard;
			sourceTree = "<group>";
		};
/* End PBXVariantGroup section */

/* Begin XCBuildConfiguration section */
		D5D69F44211675D10049591D /* Debug */ = {
			isa = XCBuildConfiguration;
			buildSettings = {
				ALWAYS_SEARCH_USER_PATHS = NO;
				CLANG_ANALYZER_NONNULL = YES;
				CLANG_ANALYZER_NUMBER_OBJECT_CONVERSION = YES_AGGRESSIVE;
				CLANG_CXX_LANGUAGE_STANDARD = "gnu++14";
				CLANG_CXX_LIBRARY = "libc++";
				CLANG_ENABLE_MODULES = YES;
				CLANG_ENABLE_OBJC_ARC = YES;
				CLANG_ENABLE_OBJC_WEAK = YES;
				CLANG_WARN_BLOCK_CAPTURE_AUTORELEASING = YES;
				CLANG_WARN_BOOL_CONVERSION = YES;
				CLANG_WARN_COMMA = YES;
				CLANG_WARN_CONSTANT_CONVERSION = YES;
				CLANG_WARN_DEPRECATED_OBJC_IMPLEMENTATIONS = YES;
				CLANG_WARN_DIRECT_OBJC_ISA_USAGE = YES_ERROR;
				CLANG_WARN_DOCUMENTATION_COMMENTS = YES;
				CLANG_WARN_EMPTY_BODY = YES;
				CLANG_WARN_ENUM_CONVERSION = YES;
				CLANG_WARN_INFINITE_RECURSION = YES;
				CLANG_WARN_INT_CONVERSION = YES;
				CLANG_WARN_NON_LITERAL_NULL_CONVERSION = YES;
				CLANG_WARN_OBJC_IMPLICIT_RETAIN_SELF = YES;
				CLANG_WARN_OBJC_LITERAL_CONVERSION = YES;
				CLANG_WARN_OBJC_ROOT_CLASS = YES_ERROR;
				CLANG_WARN_RANGE_LOOP_ANALYSIS = YES;
				CLANG_WARN_STRICT_PROTOTYPES = YES;
				CLANG_WARN_SUSPICIOUS_MOVE = YES;
				CLANG_WARN_UNGUARDED_AVAILABILITY = YES_AGGRESSIVE;
				CLANG_WARN_UNREACHABLE_CODE = YES;
				CLANG_WARN__DUPLICATE_METHOD_MATCH = YES;
				CODE_SIGN_IDENTITY = "-";
				COPY_PHASE_STRIP = NO;
				DEBUG_INFORMATION_FORMAT = dwarf;
				ENABLE_STRICT_OBJC_MSGSEND = YES;
				ENABLE_TESTABILITY = YES;
				GCC_C_LANGUAGE_STANDARD = gnu11;
				GCC_DYNAMIC_NO_PIC = NO;
				GCC_NO_COMMON_BLOCKS = YES;
				GCC_OPTIMIZATION_LEVEL = 0;
				GCC_PREPROCESSOR_DEFINITIONS = (
					"DEBUG=1",
					"$(inherited)",
				);
				GCC_WARN_64_TO_32_BIT_CONVERSION = YES;
				GCC_WARN_ABOUT_RETURN_TYPE = YES_ERROR;
				GCC_WARN_UNDECLARED_SELECTOR = YES;
				GCC_WARN_UNINITIALIZED_AUTOS = YES_AGGRESSIVE;
				GCC_WARN_UNUSED_FUNCTION = YES;
				GCC_WARN_UNUSED_VARIABLE = YES;
				MACOSX_DEPLOYMENT_TARGET = 10.13;
				MTL_ENABLE_DEBUG_INFO = INCLUDE_SOURCE;
				MTL_FAST_MATH = YES;
				ONLY_ACTIVE_ARCH = YES;
				SDKROOT = macosx;
				SWIFT_ACTIVE_COMPILATION_CONDITIONS = DEBUG;
				SWIFT_OPTIMIZATION_LEVEL = "-Onone";
			};
			name = Debug;
		};
		D5D69F45211675D10049591D /* Release */ = {
			isa = XCBuildConfiguration;
			buildSettings = {
				ALWAYS_SEARCH_USER_PATHS = NO;
				CLANG_ANALYZER_NONNULL = YES;
				CLANG_ANALYZER_NUMBER_OBJECT_CONVERSION = YES_AGGRESSIVE;
				CLANG_CXX_LANGUAGE_STANDARD = "gnu++14";
				CLANG_CXX_LIBRARY = "libc++";
				CLANG_ENABLE_MODULES = YES;
				CLANG_ENABLE_OBJC_ARC = YES;
				CLANG_ENABLE_OBJC_WEAK = YES;
				CLANG_WARN_BLOCK_CAPTURE_AUTORELEASING = YES;
				CLANG_WARN_BOOL_CONVERSION = YES;
				CLANG_WARN_COMMA = YES;
				CLANG_WARN_CONSTANT_CONVERSION = YES;
				CLANG_WARN_DEPRECATED_OBJC_IMPLEMENTATIONS = YES;
				CLANG_WARN_DIRECT_OBJC_ISA_USAGE = YES_ERROR;
				CLANG_WARN_DOCUMENTATION_COMMENTS = YES;
				CLANG_WARN_EMPTY_BODY = YES;
				CLANG_WARN_ENUM_CONVERSION = YES;
				CLANG_WARN_INFINITE_RECURSION = YES;
				CLANG_WARN_INT_CONVERSION = YES;
				CLANG_WARN_NON_LITERAL_NULL_CONVERSION = YES;
				CLANG_WARN_OBJC_IMPLICIT_RETAIN_SELF = YES;
				CLANG_WARN_OBJC_LITERAL_CONVERSION = YES;
				CLANG_WARN_OBJC_ROOT_CLASS = YES_ERROR;
				CLANG_WARN_RANGE_LOOP_ANALYSIS = YES;
				CLANG_WARN_STRICT_PROTOTYPES = YES;
				CLANG_WARN_SUSPICIOUS_MOVE = YES;
				CLANG_WARN_UNGUARDED_AVAILABILITY = YES_AGGRESSIVE;
				CLANG_WARN_UNREACHABLE_CODE = YES;
				CLANG_WARN__DUPLICATE_METHOD_MATCH = YES;
				CODE_SIGN_IDENTITY = "-";
				COPY_PHASE_STRIP = NO;
				DEBUG_INFORMATION_FORMAT = "dwarf-with-dsym";
				ENABLE_NS_ASSERTIONS = NO;
				ENABLE_STRICT_OBJC_MSGSEND = YES;
				GCC_C_LANGUAGE_STANDARD = gnu11;
				GCC_NO_COMMON_BLOCKS = YES;
				GCC_WARN_64_TO_32_BIT_CONVERSION = YES;
				GCC_WARN_ABOUT_RETURN_TYPE = YES_ERROR;
				GCC_WARN_UNDECLARED_SELECTOR = YES;
				GCC_WARN_UNINITIALIZED_AUTOS = YES_AGGRESSIVE;
				GCC_WARN_UNUSED_FUNCTION = YES;
				GCC_WARN_UNUSED_VARIABLE = YES;
				MACOSX_DEPLOYMENT_TARGET = 10.13;
				MTL_ENABLE_DEBUG_INFO = NO;
				MTL_FAST_MATH = YES;
				SDKROOT = macosx;
				SWIFT_COMPILATION_MODE = wholemodule;
				SWIFT_OPTIMIZATION_LEVEL = "-O";
			};
			name = Release;
		};
		D5D69F47211675D10049591D /* Debug */ = {
			isa = XCBuildConfiguration;
			buildSettings = {
				ASSETCATALOG_COMPILER_APPICON_NAME = AppIcon;
				CODE_SIGN_ENTITLEMENTS = 05.Transformations/_5_Transformations.entitlements;
				CODE_SIGN_STYLE = Automatic;
				COMBINE_HIDPI_IMAGES = YES;
				INFOPLIST_FILE = 05.Transformations/Info.plist;
				LD_RUNPATH_SEARCH_PATHS = (
					"$(inherited)",
					"@executable_path/../Frameworks",
				);
				PRODUCT_BUNDLE_IDENTIFIER = "Young40.-5-Transformations";
				PRODUCT_NAME = "$(TARGET_NAME)";
				SWIFT_VERSION = 4.2;
			};
			name = Debug;
		};
		D5D69F48211675D10049591D /* Release */ = {
			isa = XCBuildConfiguration;
			buildSettings = {
				ASSETCATALOG_COMPILER_APPICON_NAME = AppIcon;
				CODE_SIGN_ENTITLEMENTS = 05.Transformations/_5_Transformations.entitlements;
				CODE_SIGN_STYLE = Automatic;
				COMBINE_HIDPI_IMAGES = YES;
				INFOPLIST_FILE = 05.Transformations/Info.plist;
				LD_RUNPATH_SEARCH_PATHS = (
					"$(inherited)",
					"@executable_path/../Frameworks",
				);
				PRODUCT_BUNDLE_IDENTIFIER = "Young40.-5-Transformations";
				PRODUCT_NAME = "$(TARGET_NAME)";
				SWIFT_VERSION = 4.2;
			};
			name = Release;
		};
/* End XCBuildConfiguration section */

/* Begin XCConfigurationList section */
		D5D69F31211675D10049591D /* Build configuration list for PBXProject "05.Transformations" */ = {
			isa = XCConfigurationList;
			buildConfigurations = (
				D5D69F44211675D10049591D /* Debug */,
				D5D69F45211675D10049591D /* Release */,
			);
			defaultConfigurationIsVisible = 0;
			defaultConfigurationName = Release;
		};
		D5D69F46211675D10049591D /* Build configuration list for PBXNativeTarget "05.Transformations" */ = {
			isa = XCConfigurationList;
			buildConfigurations = (
				D5D69F47211675D10049591D /* Debug */,
				D5D69F48211675D10049591D /* Release */,
			);
			defaultConfigurationIsVisible = 0;
			defaultConfigurationName = Release;
		};
/* End XCConfigurationList section */
	};
	rootObject = D5D69F2E211675D10049591D /* Project object */;
}
