// !$*UTF8*$!
{
	archiveVersion = 1;
	classes = {
	};
	objectVersion = 50;
	objects = {

/* Begin PBXBuildFile section */
		D51303CF2149663E00D978ED /* AppDelegate.swift in Sources */ = {isa = PBXBuildFile; fileRef = D51303CE2149663E00D978ED /* AppDelegate.swift */; };
		D51303D12149663E00D978ED /* ViewController.swift in Sources */ = {isa = PBXBuildFile; fileRef = D51303D02149663E00D978ED /* ViewController.swift */; };
		D51303D32149663F00D978ED /* Assets.xcassets in Resources */ = {isa = PBXBuildFile; fileRef = D51303D22149663F00D978ED /* Assets.xcassets */; };
		D51303D62149663F00D978ED /* Main.storyboard in Resources */ = {isa = PBXBuildFile; fileRef = D51303D42149663F00D978ED /* Main.storyboard */; };
		D51303DF2149666F00D978ED /* MyMetalView.swift in Sources */ = {isa = PBXBuildFile; fileRef = D51303DE2149666F00D978ED /* MyMetalView.swift */; };
		D51303E12149670200D978ED /* MyShader.metal in Sources */ = {isa = PBXBuildFile; fileRef = D51303E02149670200D978ED /* MyShader.metal */; };
/* End PBXBuildFile section */

/* Begin PBXFileReference section */
		D51303CB2149663E00D978ED /* 11.TexturePlanet.app */ = {isa = PBXFileReference; explicitFileType = wrapper.application; includeInIndex = 0; path = 11.TexturePlanet.app; sourceTree = BUILT_PRODUCTS_DIR; };
		D51303CE2149663E00D978ED /* AppDelegate.swift */ = {isa = PBXFileReference; lastKnownFileType = sourcecode.swift; path = AppDelegate.swift; sourceTree = "<group>"; };
		D51303D02149663E00D978ED /* ViewController.swift */ = {isa = PBXFileReference; lastKnownFileType = sourcecode.swift; path = ViewController.swift; sourceTree = "<group>"; };
		D51303D22149663F00D978ED /* Assets.xcassets */ = {isa = PBXFileReference; lastKnownFileType = folder.assetcatalog; path = Assets.xcassets; sourceTree = "<group>"; };
		D51303D52149663F00D978ED /* Base */ = {isa = PBXFileReference; lastKnownFileType = file.storyboard; name = Base; path = Base.lproj/Main.storyboard; sourceTree = "<group>"; };
		D51303D72149663F00D978ED /* Info.plist */ = {isa = PBXFileReference; lastKnownFileType = text.plist.xml; path = Info.plist; sourceTree = "<group>"; };
		D51303D82149663F00D978ED /* _1_TexturePlanet.entitlements */ = {isa = PBXFileReference; lastKnownFileType = text.plist.entitlements; path = _1_TexturePlanet.entitlements; sourceTree = "<group>"; };
		D51303DE2149666F00D978ED /* MyMetalView.swift */ = {isa = PBXFileReference; lastKnownFileType = sourcecode.swift; path = MyMetalView.swift; sourceTree = "<group>"; };
		D51303E02149670200D978ED /* MyShader.metal */ = {isa = PBXFileReference; lastKnownFileType = sourcecode.metal; path = MyShader.metal; sourceTree = "<group>"; };
/* End PBXFileReference section */

/* Begin PBXFrameworksBuildPhase section */
		D51303C82149663E00D978ED /* Frameworks */ = {
			isa = PBXFrameworksBuildPhase;
			buildActionMask = 2147483647;
			files = (
			);
			runOnlyForDeploymentPostprocessing = 0;
		};
/* End PBXFrameworksBuildPhase section */

/* Begin PBXGroup section */
		D51303C22149663E00D978ED = {
			isa = PBXGroup;
			children = (
				D51303CD2149663E00D978ED /* 11.TexturePlanet */,
				D51303CC2149663E00D978ED /* Products */,
			);
			sourceTree = "<group>";
		};
		D51303CC2149663E00D978ED /* Products */ = {
			isa = PBXGroup;
			children = (
				D51303CB2149663E00D978ED /* 11.TexturePlanet.app */,
			);
			name = Products;
			sourceTree = "<group>";
		};
		D51303CD2149663E00D978ED /* 11.TexturePlanet */ = {
			isa = PBXGroup;
			children = (
				D51303CE2149663E00D978ED /* AppDelegate.swift */,
				D51303D02149663E00D978ED /* ViewController.swift */,
				D51303D22149663F00D978ED /* Assets.xcassets */,
				D51303D42149663F00D978ED /* Main.storyboard */,
				D51303D72149663F00D978ED /* Info.plist */,
				D51303D82149663F00D978ED /* _1_TexturePlanet.entitlements */,
				D51303DE2149666F00D978ED /* MyMetalView.swift */,
				D51303E02149670200D978ED /* MyShader.metal */,
			);
			path = 11.TexturePlanet;
			sourceTree = "<group>";
		};
/* End PBXGroup section */

/* Begin PBXNativeTarget section */
		D51303CA2149663E00D978ED /* 11.TexturePlanet */ = {
			isa = PBXNativeTarget;
			buildConfigurationList = D51303DB2149663F00D978ED /* Build configuration list for PBXNativeTarget "11.TexturePlanet" */;
			buildPhases = (
				D51303C72149663E00D978ED /* Sources */,
				D51303C82149663E00D978ED /* Frameworks */,
				D51303C92149663E00D978ED /* Resources */,
			);
			buildRules = (
			);
			dependencies = (
			);
			name = 11.TexturePlanet;
			productName = 11.TexturePlanet;
			productReference = D51303CB2149663E00D978ED /* 11.TexturePlanet.app */;
			productType = "com.apple.product-type.application";
		};
/* End PBXNativeTarget section */

/* Begin PBXProject section */
		D51303C32149663E00D978ED /* Project object */ = {
			isa = PBXProject;
			attributes = {
				LastSwiftUpdateCheck = 1000;
				LastUpgradeCheck = 1000;
				ORGANIZATIONNAME = "杨世玲";
				TargetAttributes = {
					D51303CA2149663E00D978ED = {
						CreatedOnToolsVersion = 10.0;
					};
				};
			};
			buildConfigurationList = D51303C62149663E00D978ED /* Build configuration list for PBXProject "11.TexturePlanet" */;
			compatibilityVersion = "Xcode 9.3";
			developmentRegion = en;
			hasScannedForEncodings = 0;
			knownRegions = (
				en,
				Base,
			);
			mainGroup = D51303C22149663E00D978ED;
			productRefGroup = D51303CC2149663E00D978ED /* Products */;
			projectDirPath = "";
			projectRoot = "";
			targets = (
				D51303CA2149663E00D978ED /* 11.TexturePlanet */,
			);
		};
/* End PBXProject section */

/* Begin PBXResourcesBuildPhase section */
		D51303C92149663E00D978ED /* Resources */ = {
			isa = PBXResourcesBuildPhase;
			buildActionMask = 2147483647;
			files = (
				D51303D32149663F00D978ED /* Assets.xcassets in Resources */,
				D51303D62149663F00D978ED /* Main.storyboard in Resources */,
			);
			runOnlyForDeploymentPostprocessing = 0;
		};
/* End PBXResourcesBuildPhase section */

/* Begin PBXSourcesBuildPhase section */
		D51303C72149663E00D978ED /* Sources */ = {
			isa = PBXSourcesBuildPhase;
			buildActionMask = 2147483647;
			files = (
				D51303E12149670200D978ED /* MyShader.metal in Sources */,
				D51303D12149663E00D978ED /* ViewController.swift in Sources */,
				D51303CF2149663E00D978ED /* AppDelegate.swift in Sources */,
				D51303DF2149666F00D978ED /* MyMetalView.swift in Sources */,
			);
			runOnlyForDeploymentPostprocessing = 0;
		};
/* End PBXSourcesBuildPhase section */

/* Begin PBXVariantGroup section */
		D51303D42149663F00D978ED /* Main.storyboard */ = {
			isa = PBXVariantGroup;
			children = (
				D51303D52149663F00D978ED /* Base */,
			);
			name = Main.storyboard;
			sourceTree = "<group>";
		};
/* End PBXVariantGroup section */

/* Begin XCBuildConfiguration section */
		D51303D92149663F00D978ED /* Debug */ = {
			isa = XCBuildConfiguration;
			buildSettings = {
				ALWAYS_SEARCH_USER_PATHS = NO;
				CLANG_ANALYZER_NONNULL = YES;
				CLANG_ANALYZER_NUMBER_OBJECT_CONVERSION = YES_AGGRESSIVE;
				CLANG_CXX_LANGUAGE_STANDARD = "gnu++14";
				CLANG_CXX_LIBRARY = "libc++";
				CLANG_ENABLE_MODULES = YES;
				CLANG_ENABLE_OBJC_ARC = YES;
				CLANG_ENABLE_OBJC_WEAK = YES;
				CLANG_WARN_BLOCK_CAPTURE_AUTORELEASING = YES;
				CLANG_WARN_BOOL_CONVERSION = YES;
				CLANG_WARN_COMMA = YES;
				CLANG_WARN_CONSTANT_CONVERSION = YES;
				CLANG_WARN_DEPRECATED_OBJC_IMPLEMENTATIONS = YES;
				CLANG_WARN_DIRECT_OBJC_ISA_USAGE = YES_ERROR;
				CLANG_WARN_DOCUMENTATION_COMMENTS = YES;
				CLANG_WARN_EMPTY_BODY = YES;
				CLANG_WARN_ENUM_CONVERSION = YES;
				CLANG_WARN_INFINITE_RECURSION = YES;
				CLANG_WARN_INT_CONVERSION = YES;
				CLANG_WARN_NON_LITERAL_NULL_CONVERSION = YES;
				CLANG_WARN_OBJC_IMPLICIT_RETAIN_SELF = YES;
				CLANG_WARN_OBJC_LITERAL_CONVERSION = YES;
				CLANG_WARN_OBJC_ROOT_CLASS = YES_ERROR;
				CLANG_WARN_RANGE_LOOP_ANALYSIS = YES;
				CLANG_WARN_STRICT_PROTOTYPES = YES;
				CLANG_WARN_SUSPICIOUS_MOVE = YES;
				CLANG_WARN_UNGUARDED_AVAILABILITY = YES_AGGRESSIVE;
				CLANG_WARN_UNREACHABLE_CODE = YES;
				CLANG_WARN__DUPLICATE_METHOD_MATCH = YES;
				CODE_SIGN_IDENTITY = "-";
				COPY_PHASE_STRIP = NO;
				DEBUG_INFORMATION_FORMAT = dwarf;
				ENABLE_STRICT_OBJC_MSGSEND = YES;
				ENABLE_TESTABILITY = YES;
				GCC_C_LANGUAGE_STANDARD = gnu11;
				GCC_DYNAMIC_NO_PIC = NO;
				GCC_NO_COMMON_BLOCKS = YES;
				GCC_OPTIMIZATION_LEVEL = 0;
				GCC_PREPROCESSOR_DEFINITIONS = (
					"DEBUG=1",
					"$(inherited)",
				);
				GCC_WARN_64_TO_32_BIT_CONVERSION = YES;
				GCC_WARN_ABOUT_RETURN_TYPE = YES_ERROR;
				GCC_WARN_UNDECLARED_SELECTOR = YES;
				GCC_WARN_UNINITIALIZED_AUTOS = YES_AGGRESSIVE;
				GCC_WARN_UNUSED_FUNCTION = YES;
				GCC_WARN_UNUSED_VARIABLE = YES;
				MACOSX_DEPLOYMENT_TARGET = 10.14;
				MTL_ENABLE_DEBUG_INFO = INCLUDE_SOURCE;
				MTL_FAST_MATH = YES;
				ONLY_ACTIVE_ARCH = YES;
				SDKROOT = macosx;
				SWIFT_ACTIVE_COMPILATION_CONDITIONS = DEBUG;
				SWIFT_OPTIMIZATION_LEVEL = "-Onone";
			};
			name = Debug;
		};
		D51303DA2149663F00D978ED /* Release */ = {
			isa = XCBuildConfiguration;
			buildSettings = {
				ALWAYS_SEARCH_USER_PATHS = NO;
				CLANG_ANALYZER_NONNULL = YES;
				CLANG_ANALYZER_NUMBER_OBJECT_CONVERSION = YES_AGGRESSIVE;
				CLANG_CXX_LANGUAGE_STANDARD = "gnu++14";
				CLANG_CXX_LIBRARY = "libc++";
				CLANG_ENABLE_MODULES = YES;
				CLANG_ENABLE_OBJC_ARC = YES;
				CLANG_ENABLE_OBJC_WEAK = YES;
				CLANG_WARN_BLOCK_CAPTURE_AUTORELEASING = YES;
				CLANG_WARN_BOOL_CONVERSION = YES;
				CLANG_WARN_COMMA = YES;
				CLANG_WARN_CONSTANT_CONVERSION = YES;
				CLANG_WARN_DEPRECATED_OBJC_IMPLEMENTATIONS = YES;
				CLANG_WARN_DIRECT_OBJC_ISA_USAGE = YES_ERROR;
				CLANG_WARN_DOCUMENTATION_COMMENTS = YES;
				CLANG_WARN_EMPTY_BODY = YES;
				CLANG_WARN_ENUM_CONVERSION = YES;
				CLANG_WARN_INFINITE_RECURSION = YES;
				CLANG_WARN_INT_CONVERSION = YES;
				CLANG_WARN_NON_LITERAL_NULL_CONVERSION = YES;
				CLANG_WARN_OBJC_IMPLICIT_RETAIN_SELF = YES;
				CLANG_WARN_OBJC_LITERAL_CONVERSION = YES;
				CLANG_WARN_OBJC_ROOT_CLASS = YES_ERROR;
				CLANG_WARN_RANGE_LOOP_ANALYSIS = YES;
				CLANG_WARN_STRICT_PROTOTYPES = YES;
				CLANG_WARN_SUSPICIOUS_MOVE = YES;
				CLANG_WARN_UNGUARDED_AVAILABILITY = YES_AGGRESSIVE;
				CLANG_WARN_UNREACHABLE_CODE = YES;
				CLANG_WARN__DUPLICATE_METHOD_MATCH = YES;
				CODE_SIGN_IDENTITY = "-";
				COPY_PHASE_STRIP = NO;
				DEBUG_INFORMATION_FORMAT = "dwarf-with-dsym";
				ENABLE_NS_ASSERTIONS = NO;
				ENABLE_STRICT_OBJC_MSGSEND = YES;
				GCC_C_LANGUAGE_STANDARD = gnu11;
				GCC_NO_COMMON_BLOCKS = YES;
				GCC_WARN_64_TO_32_BIT_CONVERSION = YES;
				GCC_WARN_ABOUT_RETURN_TYPE = YES_ERROR;
				GCC_WARN_UNDECLARED_SELECTOR = YES;
				GCC_WARN_UNINITIALIZED_AUTOS = YES_AGGRESSIVE;
				GCC_WARN_UNUSED_FUNCTION = YES;
				GCC_WARN_UNUSED_VARIABLE = YES;
				MACOSX_DEPLOYMENT_TARGET = 10.14;
				MTL_ENABLE_DEBUG_INFO = NO;
				MTL_FAST_MATH = YES;
				SDKROOT = macosx;
				SWIFT_COMPILATION_MODE = wholemodule;
				SWIFT_OPTIMIZATION_LEVEL = "-O";
			};
			name = Release;
		};
		D51303DC2149663F00D978ED /* Debug */ = {
			isa = XCBuildConfiguration;
			buildSettings = {
				ASSETCATALOG_COMPILER_APPICON_NAME = AppIcon;
				CODE_SIGN_ENTITLEMENTS = 11.TexturePlanet/_1_TexturePlanet.entitlements;
				CODE_SIGN_STYLE = Automatic;
				COMBINE_HIDPI_IMAGES = YES;
				INFOPLIST_FILE = 11.TexturePlanet/Info.plist;
				LD_RUNPATH_SEARCH_PATHS = (
					"$(inherited)",
					"@executable_path/../Frameworks",
				);
				MACOSX_DEPLOYMENT_TARGET = 10.13;
				PRODUCT_BUNDLE_IDENTIFIER = "LearnMetal.-1-TexturePlanet";
				PRODUCT_NAME = "$(TARGET_NAME)";
				SWIFT_VERSION = 4.2;
			};
			name = Debug;
		};
		D51303DD2149663F00D978ED /* Release */ = {
			isa = XCBuildConfiguration;
			buildSettings = {
				ASSETCATALOG_COMPILER_APPICON_NAME = AppIcon;
				CODE_SIGN_ENTITLEMENTS = 11.TexturePlanet/_1_TexturePlanet.entitlements;
				CODE_SIGN_STYLE = Automatic;
				COMBINE_HIDPI_IMAGES = YES;
				INFOPLIST_FILE = 11.TexturePlanet/Info.plist;
				LD_RUNPATH_SEARCH_PATHS = (
					"$(inherited)",
					"@executable_path/../Frameworks",
				);
				MACOSX_DEPLOYMENT_TARGET = 10.13;
				PRODUCT_BUNDLE_IDENTIFIER = "LearnMetal.-1-TexturePlanet";
				PRODUCT_NAME = "$(TARGET_NAME)";
				SWIFT_VERSION = 4.2;
			};
			name = Release;
		};
/* End XCBuildConfiguration section */

/* Begin XCConfigurationList section */
		D51303C62149663E00D978ED /* Build configuration list for PBXProject "11.TexturePlanet" */ = {
			isa = XCConfigurationList;
			buildConfigurations = (
				D51303D92149663F00D978ED /* Debug */,
				D51303DA2149663F00D978ED /* Release */,
			);
			defaultConfigurationIsVisible = 0;
			defaultConfigurationName = Release;
		};
		D51303DB2149663F00D978ED /* Build configuration list for PBXNativeTarget "11.TexturePlanet" */ = {
			isa = XCConfigurationList;
			buildConfigurations = (
				D51303DC2149663F00D978ED /* Debug */,
				D51303DD2149663F00D978ED /* Release */,
			);
			defaultConfigurationIsVisible = 0;
			defaultConfigurationName = Release;
		};
/* End XCConfigurationList section */
	};
	rootObject = D51303C32149663E00D978ED /* Project object */;
}
