// !$*UTF8*$!
{
	archiveVersion = 1;
	classes = {
	};
	objectVersion = 50;
	objects = {

/* Begin PBXBuildFile section */
		D562DC3421416F3500978C8C /* AppDelegate.swift in Sources */ = {isa = PBXBuildFile; fileRef = D562DC3321416F3500978C8C /* AppDelegate.swift */; };
		D562DC3621416F3500978C8C /* ViewController.swift in Sources */ = {isa = PBXBuildFile; fileRef = D562DC3521416F3500978C8C /* ViewController.swift */; };
		D562DC3821416F3700978C8C /* Assets.xcassets in Resources */ = {isa = PBXBuildFile; fileRef = D562DC3721416F3700978C8C /* Assets.xcassets */; };
		D562DC3B21416F3700978C8C /* Main.storyboard in Resources */ = {isa = PBXBuildFile; fileRef = D562DC3921416F3700978C8C /* Main.storyboard */; };
		D562DC4421416FD800978C8C /* MyMetalView.swift in Sources */ = {isa = PBXBuildFile; fileRef = D562DC4321416FD800978C8C /* MyMetalView.swift */; };
		D562DC46214170D700978C8C /* MyShader.metal in Sources */ = {isa = PBXBuildFile; fileRef = D562DC45214170D700978C8C /* MyShader.metal */; };
/* End PBXBuildFile section */

/* Begin PBXFileReference section */
		D562DC3021416F3500978C8C /* 08.MagicFlower.app */ = {isa = PBXFileReference; explicitFileType = wrapper.application; includeInIndex = 0; path = 08.MagicFlower.app; sourceTree = BUILT_PRODUCTS_DIR; };
		D562DC3321416F3500978C8C /* AppDelegate.swift */ = {isa = PBXFileReference; lastKnownFileType = sourcecode.swift; path = AppDelegate.swift; sourceTree = "<group>"; };
		D562DC3521416F3500978C8C /* ViewController.swift */ = {isa = PBXFileReference; lastKnownFileType = sourcecode.swift; path = ViewController.swift; sourceTree = "<group>"; };
		D562DC3721416F3700978C8C /* Assets.xcassets */ = {isa = PBXFileReference; lastKnownFileType = folder.assetcatalog; path = Assets.xcassets; sourceTree = "<group>"; };
		D562DC3A21416F3700978C8C /* Base */ = {isa = PBXFileReference; lastKnownFileType = file.storyboard; name = Base; path = Base.lproj/Main.storyboard; sourceTree = "<group>"; };
		D562DC3C21416F3700978C8C /* Info.plist */ = {isa = PBXFileReference; lastKnownFileType = text.plist.xml; path = Info.plist; sourceTree = "<group>"; };
		D562DC3D21416F3700978C8C /* _8_MagicFlower.entitlements */ = {isa = PBXFileReference; lastKnownFileType = text.plist.entitlements; path = _8_MagicFlower.entitlements; sourceTree = "<group>"; };
		D562DC4321416FD800978C8C /* MyMetalView.swift */ = {isa = PBXFileReference; lastKnownFileType = sourcecode.swift; path = MyMetalView.swift; sourceTree = "<group>"; };
		D562DC45214170D700978C8C /* MyShader.metal */ = {isa = PBXFileReference; lastKnownFileType = sourcecode.metal; path = MyShader.metal; sourceTree = "<group>"; };
/* End PBXFileReference section */

/* Begin PBXFrameworksBuildPhase section */
		D562DC2D21416F3500978C8C /* Frameworks */ = {
			isa = PBXFrameworksBuildPhase;
			buildActionMask = 2147483647;
			files = (
			);
			runOnlyForDeploymentPostprocessing = 0;
		};
/* End PBXFrameworksBuildPhase section */

/* Begin PBXGroup section */
		D562DC2721416F3500978C8C = {
			isa = PBXGroup;
			children = (
				D562DC3221416F3500978C8C /* 08.MagicFlower */,
				D562DC3121416F3500978C8C /* Products */,
			);
			sourceTree = "<group>";
		};
		D562DC3121416F3500978C8C /* Products */ = {
			isa = PBXGroup;
			children = (
				D562DC3021416F3500978C8C /* 08.MagicFlower.app */,
			);
			name = Products;
			sourceTree = "<group>";
		};
		D562DC3221416F3500978C8C /* 08.MagicFlower */ = {
			isa = PBXGroup;
			children = (
				D562DC3321416F3500978C8C /* AppDelegate.swift */,
				D562DC3521416F3500978C8C /* ViewController.swift */,
				D562DC3721416F3700978C8C /* Assets.xcassets */,
				D562DC3921416F3700978C8C /* Main.storyboard */,
				D562DC3C21416F3700978C8C /* Info.plist */,
				D562DC3D21416F3700978C8C /* _8_MagicFlower.entitlements */,
				D562DC4321416FD800978C8C /* MyMetalView.swift */,
				D562DC45214170D700978C8C /* MyShader.metal */,
			);
			path = 08.MagicFlower;
			sourceTree = "<group>";
		};
/* End PBXGroup section */

/* Begin PBXNativeTarget section */
		D562DC2F21416F3500978C8C /* 08.MagicFlower */ = {
			isa = PBXNativeTarget;
			buildConfigurationList = D562DC4021416F3700978C8C /* Build configuration list for PBXNativeTarget "08.MagicFlower" */;
			buildPhases = (
				D562DC2C21416F3500978C8C /* Sources */,
				D562DC2D21416F3500978C8C /* Frameworks */,
				D562DC2E21416F3500978C8C /* Resources */,
			);
			buildRules = (
			);
			dependencies = (
			);
			name = 08.MagicFlower;
			productName = 08.MagicFlower;
			productReference = D562DC3021416F3500978C8C /* 08.MagicFlower.app */;
			productType = "com.apple.product-type.application";
		};
/* End PBXNativeTarget section */

/* Begin PBXProject section */
		D562DC2821416F3500978C8C /* Project object */ = {
			isa = PBXProject;
			attributes = {
				LastSwiftUpdateCheck = 1000;
				LastUpgradeCheck = 1000;
				ORGANIZATIONNAME = "杨世玲";
				TargetAttributes = {
					D562DC2F21416F3500978C8C = {
						CreatedOnToolsVersion = 10.0;
					};
				};
			};
			buildConfigurationList = D562DC2B21416F3500978C8C /* Build configuration list for PBXProject "08.MagicFlower" */;
			compatibilityVersion = "Xcode 9.3";
			developmentRegion = en;
			hasScannedForEncodings = 0;
			knownRegions = (
				en,
				Base,
			);
			mainGroup = D562DC2721416F3500978C8C;
			productRefGroup = D562DC3121416F3500978C8C /* Products */;
			projectDirPath = "";
			projectRoot = "";
			targets = (
				D562DC2F21416F3500978C8C /* 08.MagicFlower */,
			);
		};
/* End PBXProject section */

/* Begin PBXResourcesBuildPhase section */
		D562DC2E21416F3500978C8C /* Resources */ = {
			isa = PBXResourcesBuildPhase;
			buildActionMask = 2147483647;
			files = (
				D562DC3821416F3700978C8C /* Assets.xcassets in Resources */,
				D562DC3B21416F3700978C8C /* Main.storyboard in Resources */,
			);
			runOnlyForDeploymentPostprocessing = 0;
		};
/* End PBXResourcesBuildPhase section */

/* Begin PBXSourcesBuildPhase section */
		D562DC2C21416F3500978C8C /* Sources */ = {
			isa = PBXSourcesBuildPhase;
			buildActionMask = 2147483647;
			files = (
				D562DC46214170D700978C8C /* MyShader.metal in Sources */,
				D562DC3621416F3500978C8C /* ViewController.swift in Sources */,
				D562DC3421416F3500978C8C /* AppDelegate.swift in Sources */,
				D562DC4421416FD800978C8C /* MyMetalView.swift in Sources */,
			);
			runOnlyForDeploymentPostprocessing = 0;
		};
/* End PBXSourcesBuildPhase section */

/* Begin PBXVariantGroup section */
		D562DC3921416F3700978C8C /* Main.storyboard */ = {
			isa = PBXVariantGroup;
			children = (
				D562DC3A21416F3700978C8C /* Base */,
			);
			name = Main.storyboard;
			sourceTree = "<group>";
		};
/* End PBXVariantGroup section */

/* Begin XCBuildConfiguration section */
		D562DC3E21416F3700978C8C /* Debug */ = {
			isa = XCBuildConfiguration;
			buildSettings = {
				ALWAYS_SEARCH_USER_PATHS = NO;
				CLANG_ANALYZER_NONNULL = YES;
				CLANG_ANALYZER_NUMBER_OBJECT_CONVERSION = YES_AGGRESSIVE;
				CLANG_CXX_LANGUAGE_STANDARD = "gnu++14";
				CLANG_CXX_LIBRARY = "libc++";
				CLANG_ENABLE_MODULES = YES;
				CLANG_ENABLE_OBJC_ARC = YES;
				CLANG_ENABLE_OBJC_WEAK = YES;
				CLANG_WARN_BLOCK_CAPTURE_AUTORELEASING = YES;
				CLANG_WARN_BOOL_CONVERSION = YES;
				CLANG_WARN_COMMA = YES;
				CLANG_WARN_CONSTANT_CONVERSION = YES;
				CLANG_WARN_DEPRECATED_OBJC_IMPLEMENTATIONS = YES;
				CLANG_WARN_DIRECT_OBJC_ISA_USAGE = YES_ERROR;
				CLANG_WARN_DOCUMENTATION_COMMENTS = YES;
				CLANG_WARN_EMPTY_BODY = YES;
				CLANG_WARN_ENUM_CONVERSION = YES;
				CLANG_WARN_INFINITE_RECURSION = YES;
				CLANG_WARN_INT_CONVERSION = YES;
				CLANG_WARN_NON_LITERAL_NULL_CONVERSION = YES;
				CLANG_WARN_OBJC_IMPLICIT_RETAIN_SELF = YES;
				CLANG_WARN_OBJC_LITERAL_CONVERSION = YES;
				CLANG_WARN_OBJC_ROOT_CLASS = YES_ERROR;
				CLANG_WARN_RANGE_LOOP_ANALYSIS = YES;
				CLANG_WARN_STRICT_PROTOTYPES = YES;
				CLANG_WARN_SUSPICIOUS_MOVE = YES;
				CLANG_WARN_UNGUARDED_AVAILABILITY = YES_AGGRESSIVE;
				CLANG_WARN_UNREACHABLE_CODE = YES;
				CLANG_WARN__DUPLICATE_METHOD_MATCH = YES;
				CODE_SIGN_IDENTITY = "-";
				COPY_PHASE_STRIP = NO;
				DEBUG_INFORMATION_FORMAT = dwarf;
				ENABLE_STRICT_OBJC_MSGSEND = YES;
				ENABLE_TESTABILITY = YES;
				GCC_C_LANGUAGE_STANDARD = gnu11;
				GCC_DYNAMIC_NO_PIC = NO;
				GCC_NO_COMMON_BLOCKS = YES;
				GCC_OPTIMIZATION_LEVEL = 0;
				GCC_PREPROCESSOR_DEFINITIONS = (
					"DEBUG=1",
					"$(inherited)",
				);
				GCC_WARN_64_TO_32_BIT_CONVERSION = YES;
				GCC_WARN_ABOUT_RETURN_TYPE = YES_ERROR;
				GCC_WARN_UNDECLARED_SELECTOR = YES;
				GCC_WARN_UNINITIALIZED_AUTOS = YES_AGGRESSIVE;
				GCC_WARN_UNUSED_FUNCTION = YES;
				GCC_WARN_UNUSED_VARIABLE = YES;
				MACOSX_DEPLOYMENT_TARGET = 10.14;
				MTL_ENABLE_DEBUG_INFO = INCLUDE_SOURCE;
				MTL_FAST_MATH = YES;
				ONLY_ACTIVE_ARCH = YES;
				SDKROOT = macosx;
				SWIFT_ACTIVE_COMPILATION_CONDITIONS = DEBUG;
				SWIFT_OPTIMIZATION_LEVEL = "-Onone";
			};
			name = Debug;
		};
		D562DC3F21416F3700978C8C /* Release */ = {
			isa = XCBuildConfiguration;
			buildSettings = {
				ALWAYS_SEARCH_USER_PATHS = NO;
				CLANG_ANALYZER_NONNULL = YES;
				CLANG_ANALYZER_NUMBER_OBJECT_CONVERSION = YES_AGGRESSIVE;
				CLANG_CXX_LANGUAGE_STANDARD = "gnu++14";
				CLANG_CXX_LIBRARY = "libc++";
				CLANG_ENABLE_MODULES = YES;
				CLANG_ENABLE_OBJC_ARC = YES;
				CLANG_ENABLE_OBJC_WEAK = YES;
				CLANG_WARN_BLOCK_CAPTURE_AUTORELEASING = YES;
				CLANG_WARN_BOOL_CONVERSION = YES;
				CLANG_WARN_COMMA = YES;
				CLANG_WARN_CONSTANT_CONVERSION = YES;
				CLANG_WARN_DEPRECATED_OBJC_IMPLEMENTATIONS = YES;
				CLANG_WARN_DIRECT_OBJC_ISA_USAGE = YES_ERROR;
				CLANG_WARN_DOCUMENTATION_COMMENTS = YES;
				CLANG_WARN_EMPTY_BODY = YES;
				CLANG_WARN_ENUM_CONVERSION = YES;
				CLANG_WARN_INFINITE_RECURSION = YES;
				CLANG_WARN_INT_CONVERSION = YES;
				CLANG_WARN_NON_LITERAL_NULL_CONVERSION = YES;
				CLANG_WARN_OBJC_IMPLICIT_RETAIN_SELF = YES;
				CLANG_WARN_OBJC_LITERAL_CONVERSION = YES;
				CLANG_WARN_OBJC_ROOT_CLASS = YES_ERROR;
				CLANG_WARN_RANGE_LOOP_ANALYSIS = YES;
				CLANG_WARN_STRICT_PROTOTYPES = YES;
				CLANG_WARN_SUSPICIOUS_MOVE = YES;
				CLANG_WARN_UNGUARDED_AVAILABILITY = YES_AGGRESSIVE;
				CLANG_WARN_UNREACHABLE_CODE = YES;
				CLANG_WARN__DUPLICATE_METHOD_MATCH = YES;
				CODE_SIGN_IDENTITY = "-";
				COPY_PHASE_STRIP = NO;
				DEBUG_INFORMATION_FORMAT = "dwarf-with-dsym";
				ENABLE_NS_ASSERTIONS = NO;
				ENABLE_STRICT_OBJC_MSGSEND = YES;
				GCC_C_LANGUAGE_STANDARD = gnu11;
				GCC_NO_COMMON_BLOCKS = YES;
				GCC_WARN_64_TO_32_BIT_CONVERSION = YES;
				GCC_WARN_ABOUT_RETURN_TYPE = YES_ERROR;
				GCC_WARN_UNDECLARED_SELECTOR = YES;
				GCC_WARN_UNINITIALIZED_AUTOS = YES_AGGRESSIVE;
				GCC_WARN_UNUSED_FUNCTION = YES;
				GCC_WARN_UNUSED_VARIABLE = YES;
				MACOSX_DEPLOYMENT_TARGET = 10.14;
				MTL_ENABLE_DEBUG_INFO = NO;
				MTL_FAST_MATH = YES;
				SDKROOT = macosx;
				SWIFT_COMPILATION_MODE = wholemodule;
				SWIFT_OPTIMIZATION_LEVEL = "-O";
			};
			name = Release;
		};
		D562DC4121416F3700978C8C /* Debug */ = {
			isa = XCBuildConfiguration;
			buildSettings = {
				ASSETCATALOG_COMPILER_APPICON_NAME = AppIcon;
				CODE_SIGN_ENTITLEMENTS = 08.MagicFlower/_8_MagicFlower.entitlements;
				CODE_SIGN_STYLE = Automatic;
				COMBINE_HIDPI_IMAGES = YES;
				INFOPLIST_FILE = 08.MagicFlower/Info.plist;
				LD_RUNPATH_SEARCH_PATHS = (
					"$(inherited)",
					"@executable_path/../Frameworks",
				);
				PRODUCT_BUNDLE_IDENTIFIER = "LearnMetal.-8-MagicFlower";
				PRODUCT_NAME = "$(TARGET_NAME)";
				SWIFT_VERSION = 4.2;
			};
			name = Debug;
		};
		D562DC4221416F3700978C8C /* Release */ = {
			isa = XCBuildConfiguration;
			buildSettings = {
				ASSETCATALOG_COMPILER_APPICON_NAME = AppIcon;
				CODE_SIGN_ENTITLEMENTS = 08.MagicFlower/_8_MagicFlower.entitlements;
				CODE_SIGN_STYLE = Automatic;
				COMBINE_HIDPI_IMAGES = YES;
				INFOPLIST_FILE = 08.MagicFlower/Info.plist;
				LD_RUNPATH_SEARCH_PATHS = (
					"$(inherited)",
					"@executable_path/../Frameworks",
				);
				PRODUCT_BUNDLE_IDENTIFIER = "LearnMetal.-8-MagicFlower";
				PRODUCT_NAME = "$(TARGET_NAME)";
				SWIFT_VERSION = 4.2;
			};
			name = Release;
		};
/* End XCBuildConfiguration section */

/* Begin XCConfigurationList section */
		D562DC2B21416F3500978C8C /* Build configuration list for PBXProject "08.MagicFlower" */ = {
			isa = XCConfigurationList;
			buildConfigurations = (
				D562DC3E21416F3700978C8C /* Debug */,
				D562DC3F21416F3700978C8C /* Release */,
			);
			defaultConfigurationIsVisible = 0;
			defaultConfigurationName = Release;
		};
		D562DC4021416F3700978C8C /* Build configuration list for PBXNativeTarget "08.MagicFlower" */ = {
			isa = XCConfigurationList;
			buildConfigurations = (
				D562DC4121416F3700978C8C /* Debug */,
				D562DC4221416F3700978C8C /* Release */,
			);
			defaultConfigurationIsVisible = 0;
			defaultConfigurationName = Release;
		};
/* End XCConfigurationList section */
	};
	rootObject = D562DC2821416F3500978C8C /* Project object */;
}
